
Microsoft Visual Studio Solution File, Format Version 12.00
# Visual Studio Version 17
VisualStudioVersion = 17.4.33403.182
MinimumVisualStudioVersion = 10.0.40219.1
Project("{FAE04EC0-301F-11D3-BF4B-00C04F79EFBC}") = "ImageLookAlike", "ImageLookAlike.csproj", "{9145CF9D-94DC-4B2D-9FEB-B50F5D82398C}"
EndProject
Global
	GlobalSection(SolutionConfigurationPlatforms) = preSolution
		Debug|Any CPU = Debug|Any CPU
		Release|Any CPU = Release|Any CPU
	EndGlobalSection
	GlobalSection(ProjectConfigurationPlatforms) = postSolution
		{9145CF9D-94DC-4B2D-9FEB-B50F5D82398C}.Debug|Any CPU.ActiveCfg = Debug|Any CPU
		{9145CF9D-94DC-4B2D-9FEB-B50F5D82398C}.Debug|Any CPU.Build.0 = Debug|Any CPU
		{9145CF9D-94DC-4B2D-9FEB-B50F5D82398C}.Release|Any CPU.ActiveCfg = Release|Any CPU
		{9145CF9D-94DC-4B2D-9FEB-B50F5D82398C}.Release|Any CPU.Build.0 = Release|Any CPU
	EndGlobalSection
	GlobalSection(SolutionProperties) = preSolution
		HideSolutionNode = FALSE
	EndGlobalSection
	GlobalSection(ExtensibilityGlobals) = postSolution
		SolutionGuid = {AE787731-2ACF-4F21-AF23-FC59B3507DEA}
	EndGlobalSection
EndGlobal
